
Microsoft Visual Studio Solution File, Format Version 12.00
# Visual Studio Version 16
VisualStudioVersion = 16.0.31702.278
MinimumVisualStudioVersion = 10.0.40219.1
Project("{9A19103F-16F7-4668-BE54-9A1E7A4F7556}") = "Gabriel_linkedlist", "Gabriel_linkedlist\Gabriel_linkedlist.csproj", "{65B30B4E-400E-481F-9488-2866361C25AA}"
EndProject
Global
	GlobalSection(SolutionConfigurationPlatforms) = preSolution
		Debug|Any CPU = Debug|Any CPU
		Release|Any CPU = Release|Any CPU
	EndGlobalSection
	GlobalSection(ProjectConfigurationPlatforms) = postSolution
		{65B30B4E-400E-481F-9488-2866361C25AA}.Debug|Any CPU.ActiveCfg = Debug|Any CPU
		{65B30B4E-400E-481F-9488-2866361C25AA}.Debug|Any CPU.Build.0 = Debug|Any CPU
		{65B30B4E-400E-481F-9488-2866361C25AA}.Release|Any CPU.ActiveCfg = Release|Any CPU
		{65B30B4E-400E-481F-9488-2866361C25AA}.Release|Any CPU.Build.0 = Release|Any CPU
	EndGlobalSection
	GlobalSection(SolutionProperties) = preSolution
		HideSolutionNode = FALSE
	EndGlobalSection
	GlobalSection(ExtensibilityGlobals) = postSolution
		SolutionGuid = {51DAA2F2-ADA1-4635-AF95-EE389D034420}
	EndGlobalSection
EndGlobal
